
Microsoft Visual Studio Solution File, Format Version 12.00
# Visual Studio Version 17
VisualStudioVersion = 17.10.35027.167
MinimumVisualStudioVersion = 10.0.40219.1
Project("{FAE04EC0-301F-11D3-BF4B-00C04F79EFBC}") = "ejercicio2", "ejercicio2\ejercicio2.csproj", "{0E2588CA-37B1-4798-B30D-A70BF89BD3CD}"
EndProject
Global
	GlobalSection(SolutionConfigurationPlatforms) = preSolution
		Debug|Any CPU = Debug|Any CPU
		Release|Any CPU = Release|Any CPU
	EndGlobalSection
	GlobalSection(ProjectConfigurationPlatforms) = postSolution
		{0E2588CA-37B1-4798-B30D-A70BF89BD3CD}.Debug|Any CPU.ActiveCfg = Debug|Any CPU
		{0E2588CA-37B1-4798-B30D-A70BF89BD3CD}.Debug|Any CPU.Build.0 = Debug|Any CPU
		{0E2588CA-37B1-4798-B30D-A70BF89BD3CD}.Release|Any CPU.ActiveCfg = Release|Any CPU
		{0E2588CA-37B1-4798-B30D-A70BF89BD3CD}.Release|Any CPU.Build.0 = Release|Any CPU
	EndGlobalSection
	GlobalSection(SolutionProperties) = preSolution
		HideSolutionNode = FALSE
	EndGlobalSection
	GlobalSection(ExtensibilityGlobals) = postSolution
		SolutionGuid = {C56D3CA7-8630-439D-A064-82451634CBC2}
	EndGlobalSection
EndGlobal
