
Microsoft Visual Studio Solution File, Format Version 12.00
# Visual Studio Version 17
VisualStudioVersion = 17.10.35027.167
MinimumVisualStudioVersion = 10.0.40219.1
Project("{FAE04EC0-301F-11D3-BF4B-00C04F79EFBC}") = "CajeroWeb", "CajeroWeb\CajeroWeb.csproj", "{752EFBC4-D302-4EC6-8708-61F2B3625EE2}"
EndProject
Global
	GlobalSection(SolutionConfigurationPlatforms) = preSolution
		Debug|Any CPU = Debug|Any CPU
		Release|Any CPU = Release|Any CPU
	EndGlobalSection
	GlobalSection(ProjectConfigurationPlatforms) = postSolution
		{752EFBC4-D302-4EC6-8708-61F2B3625EE2}.Debug|Any CPU.ActiveCfg = Debug|Any CPU
		{752EFBC4-D302-4EC6-8708-61F2B3625EE2}.Debug|Any CPU.Build.0 = Debug|Any CPU
		{752EFBC4-D302-4EC6-8708-61F2B3625EE2}.Release|Any CPU.ActiveCfg = Release|Any CPU
		{752EFBC4-D302-4EC6-8708-61F2B3625EE2}.Release|Any CPU.Build.0 = Release|Any CPU
	EndGlobalSection
	GlobalSection(SolutionProperties) = preSolution
		HideSolutionNode = FALSE
	EndGlobalSection
	GlobalSection(ExtensibilityGlobals) = postSolution
		SolutionGuid = {826EFC80-55D7-48C6-BDF1-52C89BF6B6B5}
	EndGlobalSection
EndGlobal
