
Microsoft Visual Studio Solution File, Format Version 12.00
# Visual Studio Version 17
VisualStudioVersion = 17.11.35208.52
MinimumVisualStudioVersion = 10.0.40219.1
Project("{FAE04EC0-301F-11D3-BF4B-00C04F79EFBC}") = "ejercicio practico 3", "ejercicio practico 3.csproj", "{95EBD35F-B39F-4369-ADCA-F0AF7C06A241}"
EndProject
Global
	GlobalSection(SolutionConfigurationPlatforms) = preSolution
		Debug|Any CPU = Debug|Any CPU
		Release|Any CPU = Release|Any CPU
	EndGlobalSection
	GlobalSection(ProjectConfigurationPlatforms) = postSolution
		{95EBD35F-B39F-4369-ADCA-F0AF7C06A241}.Debug|Any CPU.ActiveCfg = Debug|Any CPU
		{95EBD35F-B39F-4369-ADCA-F0AF7C06A241}.Debug|Any CPU.Build.0 = Debug|Any CPU
		{95EBD35F-B39F-4369-ADCA-F0AF7C06A241}.Release|Any CPU.ActiveCfg = Release|Any CPU
		{95EBD35F-B39F-4369-ADCA-F0AF7C06A241}.Release|Any CPU.Build.0 = Release|Any CPU
	EndGlobalSection
	GlobalSection(SolutionProperties) = preSolution
		HideSolutionNode = FALSE
	EndGlobalSection
	GlobalSection(ExtensibilityGlobals) = postSolution
		SolutionGuid = {3CF6BF1F-D419-4DA6-92AC-C3D1D9BDE081}
	EndGlobalSection
EndGlobal
