
Microsoft Visual Studio Solution File, Format Version 12.00
# Visual Studio Version 17
VisualStudioVersion = 17.9.34714.143
MinimumVisualStudioVersion = 10.0.40219.1
Project("{FAE04EC0-301F-11D3-BF4B-00C04F79EFBC}") = "Ejercicio4", "Ejercicio4.csproj", "{FA4E5BE4-9C10-4D26-BD05-3CF9D74D00AD}"
EndProject
Global
	GlobalSection(SolutionConfigurationPlatforms) = preSolution
		Debug|Any CPU = Debug|Any CPU
		Release|Any CPU = Release|Any CPU
	EndGlobalSection
	GlobalSection(ProjectConfigurationPlatforms) = postSolution
		{FA4E5BE4-9C10-4D26-BD05-3CF9D74D00AD}.Debug|Any CPU.ActiveCfg = Debug|Any CPU
		{FA4E5BE4-9C10-4D26-BD05-3CF9D74D00AD}.Debug|Any CPU.Build.0 = Debug|Any CPU
		{FA4E5BE4-9C10-4D26-BD05-3CF9D74D00AD}.Release|Any CPU.ActiveCfg = Release|Any CPU
		{FA4E5BE4-9C10-4D26-BD05-3CF9D74D00AD}.Release|Any CPU.Build.0 = Release|Any CPU
	EndGlobalSection
	GlobalSection(SolutionProperties) = preSolution
		HideSolutionNode = FALSE
	EndGlobalSection
	GlobalSection(ExtensibilityGlobals) = postSolution
		SolutionGuid = {D548D13E-D644-47A5-AA4F-52F442D289E2}
	EndGlobalSection
EndGlobal
