
Microsoft Visual Studio Solution File, Format Version 12.00
# Visual Studio Version 17
VisualStudioVersion = 17.2.32616.157
MinimumVisualStudioVersion = 10.0.40219.1
Project("{FAE04EC0-301F-11D3-BF4B-00C04F79EFBC}") = "Problema3", "Problema3\Problema3.csproj", "{664AA3D5-6D23-4668-BFDD-94F9C75D5180}"
EndProject
Global
	GlobalSection(SolutionConfigurationPlatforms) = preSolution
		Debug|Any CPU = Debug|Any CPU
		Release|Any CPU = Release|Any CPU
	EndGlobalSection
	GlobalSection(ProjectConfigurationPlatforms) = postSolution
		{664AA3D5-6D23-4668-BFDD-94F9C75D5180}.Debug|Any CPU.ActiveCfg = Debug|Any CPU
		{664AA3D5-6D23-4668-BFDD-94F9C75D5180}.Debug|Any CPU.Build.0 = Debug|Any CPU
		{664AA3D5-6D23-4668-BFDD-94F9C75D5180}.Release|Any CPU.ActiveCfg = Release|Any CPU
		{664AA3D5-6D23-4668-BFDD-94F9C75D5180}.Release|Any CPU.Build.0 = Release|Any CPU
	EndGlobalSection
	GlobalSection(SolutionProperties) = preSolution
		HideSolutionNode = FALSE
	EndGlobalSection
	GlobalSection(ExtensibilityGlobals) = postSolution
		SolutionGuid = {0B3FDA04-F633-4BC9-9611-4B94120A6345}
	EndGlobalSection
EndGlobal
