
Microsoft Visual Studio Solution File, Format Version 12.00
# Visual Studio Version 17
VisualStudioVersion = 17.9.34714.143
MinimumVisualStudioVersion = 10.0.40219.1
Project("{FAE04EC0-301F-11D3-BF4B-00C04F79EFBC}") = "The Temper Trap", "The Temper Trap.csproj", "{61169A9C-2F3D-4D5C-984F-B57DC544343C}"
EndProject
Global
	GlobalSection(SolutionConfigurationPlatforms) = preSolution
		Debug|Any CPU = Debug|Any CPU
		Release|Any CPU = Release|Any CPU
	EndGlobalSection
	GlobalSection(ProjectConfigurationPlatforms) = postSolution
		{61169A9C-2F3D-4D5C-984F-B57DC544343C}.Debug|Any CPU.ActiveCfg = Debug|Any CPU
		{61169A9C-2F3D-4D5C-984F-B57DC544343C}.Debug|Any CPU.Build.0 = Debug|Any CPU
		{61169A9C-2F3D-4D5C-984F-B57DC544343C}.Release|Any CPU.ActiveCfg = Release|Any CPU
		{61169A9C-2F3D-4D5C-984F-B57DC544343C}.Release|Any CPU.Build.0 = Release|Any CPU
	EndGlobalSection
	GlobalSection(SolutionProperties) = preSolution
		HideSolutionNode = FALSE
	EndGlobalSection
	GlobalSection(ExtensibilityGlobals) = postSolution
		SolutionGuid = {BB1BF66F-856F-4A2C-9D51-DCEA179B2D17}
	EndGlobalSection
EndGlobal
