
Microsoft Visual Studio Solution File, Format Version 12.00
# Visual Studio Version 17
VisualStudioVersion = 17.10.35122.118
MinimumVisualStudioVersion = 10.0.40219.1
Project("{FAE04EC0-301F-11D3-BF4B-00C04F79EFBC}") = "ejercicio practico 2", "ejercicio practico 2.csproj", "{FC76BF2C-0F2F-4FB8-95C7-54BB80C30C7D}"
EndProject
Global
	GlobalSection(SolutionConfigurationPlatforms) = preSolution
		Debug|Any CPU = Debug|Any CPU
		Release|Any CPU = Release|Any CPU
	EndGlobalSection
	GlobalSection(ProjectConfigurationPlatforms) = postSolution
		{FC76BF2C-0F2F-4FB8-95C7-54BB80C30C7D}.Debug|Any CPU.ActiveCfg = Debug|Any CPU
		{FC76BF2C-0F2F-4FB8-95C7-54BB80C30C7D}.Debug|Any CPU.Build.0 = Debug|Any CPU
		{FC76BF2C-0F2F-4FB8-95C7-54BB80C30C7D}.Release|Any CPU.ActiveCfg = Release|Any CPU
		{FC76BF2C-0F2F-4FB8-95C7-54BB80C30C7D}.Release|Any CPU.Build.0 = Release|Any CPU
	EndGlobalSection
	GlobalSection(SolutionProperties) = preSolution
		HideSolutionNode = FALSE
	EndGlobalSection
	GlobalSection(ExtensibilityGlobals) = postSolution
		SolutionGuid = {B991DE33-4084-44C4-A25D-AB8F792D4855}
	EndGlobalSection
EndGlobal
