
Microsoft Visual Studio Solution File, Format Version 12.00
# Visual Studio Version 17
VisualStudioVersion = 17.10.35027.167
MinimumVisualStudioVersion = 10.0.40219.1
Project("{FAE04EC0-301F-11D3-BF4B-00C04F79EFBC}") = "form2", "form2\form2.csproj", "{149FCD52-AF23-4889-846E-BE8E588B51DA}"
EndProject
Global
	GlobalSection(SolutionConfigurationPlatforms) = preSolution
		Debug|Any CPU = Debug|Any CPU
		Release|Any CPU = Release|Any CPU
	EndGlobalSection
	GlobalSection(ProjectConfigurationPlatforms) = postSolution
		{149FCD52-AF23-4889-846E-BE8E588B51DA}.Debug|Any CPU.ActiveCfg = Debug|Any CPU
		{149FCD52-AF23-4889-846E-BE8E588B51DA}.Debug|Any CPU.Build.0 = Debug|Any CPU
		{149FCD52-AF23-4889-846E-BE8E588B51DA}.Release|Any CPU.ActiveCfg = Release|Any CPU
		{149FCD52-AF23-4889-846E-BE8E588B51DA}.Release|Any CPU.Build.0 = Release|Any CPU
	EndGlobalSection
	GlobalSection(SolutionProperties) = preSolution
		HideSolutionNode = FALSE
	EndGlobalSection
	GlobalSection(ExtensibilityGlobals) = postSolution
		SolutionGuid = {52DEFA9E-470B-4031-A2AD-7913E35DF64A}
	EndGlobalSection
EndGlobal
